<?xml version="1.0" encoding="utf-8"?>
<Project ToolsVersion="4.0" xmlns="http://schemas.microsoft.com/developer/msbuild/2003">
  <ItemGroup>
    <Filter Include="Src">
      <UniqueIdentifier>{085f2fac-1438-4b30-8c42-078ce413658b}</UniqueIdentifier>
    </Filter>
    <Filter Include="Src\ImageProcessing">
      <UniqueIdentifier>{175a6d8f-30c8-457c-8094-b060f61de935}</UniqueIdentifier>
    </Filter>
    <Filter Include="Src\StructuralAnalysis">
      <UniqueIdentifier>{3cba7cb6-e978-4a48-8a5f-23d8f19ea807}</UniqueIdentifier>
    </Filter>
    <Filter Include="Src\MotionAndTracking">
      <UniqueIdentifier>{b813df5e-5afe-4745-82eb-0bc72751829b}</UniqueIdentifier>
    </Filter>
    <Filter Include="Src\3D">
      <UniqueIdentifier>{42d7a059-6dee-431d-a7a2-0a70698a1ddb}</UniqueIdentifier>
    </Filter>
    <Filter Include="Src\PatternRecognition">
      <UniqueIdentifier>{295a300a-ad78-4ed9-8f7c-4692836b8d40}</UniqueIdentifier>
    </Filter>
    <Filter Include="Src\CoreEx">
      <UniqueIdentifier>{a2dee4dc-3acd-4fc9-83e9-661699f4f6ae}</UniqueIdentifier>
    </Filter>
    <Filter Include="Include">
      <UniqueIdentifier>{2c64439a-3e1b-4a86-87bf-97a89c3c5b1d}</UniqueIdentifier>
    </Filter>
    <Filter Include="Include\External">
      <UniqueIdentifier>{2cdb45dc-a529-4210-b3d8-3e414ab49ffe}</UniqueIdentifier>
    </Filter>
    <Filter Include="Include\Internal">
      <UniqueIdentifier>{d296d447-90c6-4128-bba7-c095c654449d}</UniqueIdentifier>
    </Filter>
  </ItemGroup>
  <ItemGroup>
    <ResourceCompile Include="cv.rc">
      <Filter>Src</Filter>
    </ResourceCompile>
  </ItemGroup>
  <ItemGroup>
    <ClCompile Include="cvprecomp.cpp">
      <Filter>Src</Filter>
    </ClCompile>
    <ClCompile Include="cvadapthresh.cpp">
      <Filter>Src\ImageProcessing</Filter>
    </ClCompile>
    <ClCompile Include="cvcalccontrasthistogram.cpp">
      <Filter>Src\ImageProcessing</Filter>
    </ClCompile>
    <ClCompile Include="cvcanny.cpp">
      <Filter>Src\ImageProcessing</Filter>
    </ClCompile>
    <ClCompile Include="cvcolor.cpp">
      <Filter>Src\ImageProcessing</Filter>
    </ClCompile>
    <ClCompile Include="cvcontours.cpp">
      <Filter>Src\ImageProcessing</Filter>
    </ClCompile>
    <ClCompile Include="cvcorner.cpp">
      <Filter>Src\ImageProcessing</Filter>
    </ClCompile>
    <ClCompile Include="cvcornersubpix.cpp">
      <Filter>Src\ImageProcessing</Filter>
    </ClCompile>
    <ClCompile Include="cvderiv.cpp">
      <Filter>Src\ImageProcessing</Filter>
    </ClCompile>
    <ClCompile Include="cvfeatureselect.cpp">
      <Filter>Src\ImageProcessing</Filter>
    </ClCompile>
    <ClCompile Include="cvfilter.cpp">
      <Filter>Src\ImageProcessing</Filter>
    </ClCompile>
    <ClCompile Include="cvfloodfill.cpp">
      <Filter>Src\ImageProcessing</Filter>
    </ClCompile>
    <ClCompile Include="cvhistogram.cpp">
      <Filter>Src\ImageProcessing</Filter>
    </ClCompile>
    <ClCompile Include="cvimgwarp.cpp">
      <Filter>Src\ImageProcessing</Filter>
    </ClCompile>
    <ClCompile Include="cvinpaint.cpp">
      <Filter>Src\ImageProcessing</Filter>
    </ClCompile>
    <ClCompile Include="cvmoments.cpp">
      <Filter>Src\ImageProcessing</Filter>
    </ClCompile>
    <ClCompile Include="cvmorph.cpp">
      <Filter>Src\ImageProcessing</Filter>
    </ClCompile>
    <ClCompile Include="cvpyramids.cpp">
      <Filter>Src\ImageProcessing</Filter>
    </ClCompile>
    <ClCompile Include="cvsamplers.cpp">
      <Filter>Src\ImageProcessing</Filter>
    </ClCompile>
    <ClCompile Include="cvsegmentation.cpp">
      <Filter>Src\ImageProcessing</Filter>
    </ClCompile>
    <ClCompile Include="cvsmooth.cpp">
      <Filter>Src\ImageProcessing</Filter>
    </ClCompile>
    <ClCompile Include="cvtemplmatch.cpp">
      <Filter>Src\ImageProcessing</Filter>
    </ClCompile>
    <ClCompile Include="cvthresh.cpp">
      <Filter>Src\ImageProcessing</Filter>
    </ClCompile>
    <ClCompile Include="cvapprox.cpp">
      <Filter>Src\StructuralAnalysis</Filter>
    </ClCompile>
    <ClCompile Include="cvcontourtree.cpp">
      <Filter>Src\StructuralAnalysis</Filter>
    </ClCompile>
    <ClCompile Include="cvconvhull.cpp">
      <Filter>Src\StructuralAnalysis</Filter>
    </ClCompile>
    <ClCompile Include="cvdistransform.cpp">
      <Filter>Src\StructuralAnalysis</Filter>
    </ClCompile>
    <ClCompile Include="cvdominants.cpp">
      <Filter>Src\StructuralAnalysis</Filter>
    </ClCompile>
    <ClCompile Include="cvemd.cpp">
      <Filter>Src\StructuralAnalysis</Filter>
    </ClCompile>
    <ClCompile Include="cvgeometry.cpp">
      <Filter>Src\StructuralAnalysis</Filter>
    </ClCompile>
    <ClCompile Include="cvhough.cpp">
      <Filter>Src\StructuralAnalysis</Filter>
    </ClCompile>
    <ClCompile Include="cvlinefit.cpp">
      <Filter>Src\StructuralAnalysis</Filter>
    </ClCompile>
    <ClCompile Include="cvmatchcontours.cpp">
      <Filter>Src\StructuralAnalysis</Filter>
    </ClCompile>
    <ClCompile Include="cvpgh.cpp">
      <Filter>Src\StructuralAnalysis</Filter>
    </ClCompile>
    <ClCompile Include="cvpyrsegmentation.cpp">
      <Filter>Src\StructuralAnalysis</Filter>
    </ClCompile>
    <ClCompile Include="cvrotcalipers.cpp">
      <Filter>Src\StructuralAnalysis</Filter>
    </ClCompile>
    <ClCompile Include="cvshapedescr.cpp">
      <Filter>Src\StructuralAnalysis</Filter>
    </ClCompile>
    <ClCompile Include="cvsubdivision2d.cpp">
      <Filter>Src\StructuralAnalysis</Filter>
    </ClCompile>
    <ClCompile Include="cvsurf.cpp">
      <Filter>Src\StructuralAnalysis</Filter>
    </ClCompile>
    <ClCompile Include="cvcamshift.cpp">
      <Filter>Src\MotionAndTracking</Filter>
    </ClCompile>
    <ClCompile Include="cvcondens.cpp">
      <Filter>Src\MotionAndTracking</Filter>
    </ClCompile>
    <ClCompile Include="cvkalman.cpp">
      <Filter>Src\MotionAndTracking</Filter>
    </ClCompile>
    <ClCompile Include="cvlkpyramid.cpp">
      <Filter>Src\MotionAndTracking</Filter>
    </ClCompile>
    <ClCompile Include="cvmotempl.cpp">
      <Filter>Src\MotionAndTracking</Filter>
    </ClCompile>
    <ClCompile Include="cvoptflowbm.cpp">
      <Filter>Src\MotionAndTracking</Filter>
    </ClCompile>
    <ClCompile Include="cvoptflowhs.cpp">
      <Filter>Src\MotionAndTracking</Filter>
    </ClCompile>
    <ClCompile Include="cvoptflowlk.cpp">
      <Filter>Src\MotionAndTracking</Filter>
    </ClCompile>
    <ClCompile Include="cvsnakes.cpp">
      <Filter>Src\MotionAndTracking</Filter>
    </ClCompile>
    <ClCompile Include="cvcalcimagehomography.cpp">
      <Filter>Src\3D</Filter>
    </ClCompile>
    <ClCompile Include="cvcalibinit.cpp">
      <Filter>Src\3D</Filter>
    </ClCompile>
    <ClCompile Include="cvcalibration.cpp">
      <Filter>Src\3D</Filter>
    </ClCompile>
    <ClCompile Include="cvfundam.cpp">
      <Filter>Src\3D</Filter>
    </ClCompile>
    <ClCompile Include="cvposit.cpp">
      <Filter>Src\3D</Filter>
    </ClCompile>
    <ClCompile Include="cvstereobm.cpp">
      <Filter>Src\3D</Filter>
    </ClCompile>
    <ClCompile Include="cvstereogc.cpp">
      <Filter>Src\3D</Filter>
    </ClCompile>
    <ClCompile Include="cvundistort.cpp">
      <Filter>Src\3D</Filter>
    </ClCompile>
    <ClCompile Include="cvhaar.cpp">
      <Filter>Src\PatternRecognition</Filter>
    </ClCompile>
    <ClCompile Include="cvaccum.cpp">
      <Filter>Src\CoreEx</Filter>
    </ClCompile>
    <ClCompile Include="cvkdtree.cpp">
      <Filter>Src\CoreEx</Filter>
    </ClCompile>
    <ClCompile Include="cvsumpixels.cpp">
      <Filter>Src\CoreEx</Filter>
    </ClCompile>
    <ClCompile Include="cvswitcher.cpp">
      <Filter>Src\CoreEx</Filter>
    </ClCompile>
    <ClCompile Include="cvtables.cpp">
      <Filter>Src\CoreEx</Filter>
    </ClCompile>
    <ClCompile Include="cvutils.cpp">
      <Filter>Src\CoreEx</Filter>
    </ClCompile>
  </ItemGroup>
  <ItemGroup>
    <ClInclude Include="..\include\cv.h">
      <Filter>Include\External</Filter>
    </ClInclude>
    <ClInclude Include="..\include\cv.hpp">
      <Filter>Include\External</Filter>
    </ClInclude>
    <ClInclude Include="..\include\cvcompat.h">
      <Filter>Include\External</Filter>
    </ClInclude>
    <ClInclude Include="..\include\cvtypes.h">
      <Filter>Include\External</Filter>
    </ClInclude>
    <ClInclude Include="_cv.h">
      <Filter>Include\Internal</Filter>
    </ClInclude>
    <ClInclude Include="_cvgeom.h">
      <Filter>Include\Internal</Filter>
    </ClInclude>
    <ClInclude Include="_cvimgproc.h">
      <Filter>Include\Internal</Filter>
    </ClInclude>
    <ClInclude Include="_cvipp.h">
      <Filter>Include\Internal</Filter>
    </ClInclude>
    <ClInclude Include="_cvkdtree.hpp">
      <Filter>Include\Internal</Filter>
    </ClInclude>
    <ClInclude Include="_cvlist.h">
      <Filter>Include\Internal</Filter>
    </ClInclude>
    <ClInclude Include="_cvmatrix.h">
      <Filter>Include\Internal</Filter>
    </ClInclude>
  </ItemGroup>
</Project>